// !$*UTF8*$!
{
	archiveVersion = 1;
	classes = {
	};
	objectVersion = 51;
	objects = {

/* Begin PBXBuildFile section */
		4C15F12522A51CC300904B9A /* MinCloud.framework in CopyFiles */ = {isa = PBXBuildFile; fileRef = 4C33A57E223F4E850001C1A7 /* MinCloud.framework */; settings = {ATTRIBUTES = (CodeSignOnCopy, RemoveHeadersOnCopy, ); }; };
		4C33A588223F4E850001C1A7 /* MinCloud.framework in Frameworks */ = {isa = PBXBuildFile; fileRef = 4C33A57E223F4E850001C1A7 /* MinCloud.framework */; };
		4C33A5A5223F6B2F0001C1A7 /* AuthAPI.swift in Sources */ = {isa = PBXBuildFile; fileRef = 4C33A5A4223F6B2F0001C1A7 /* AuthAPI.swift */; };
		4C33A5A9223F6D480001C1A7 /* Auth.swift in Sources */ = {isa = PBXBuildFile; fileRef = 4C33A5A8223F6D480001C1A7 /* Auth.swift */; };
		4C33A5DA223F919F0001C1A7 /* Config.swift in Sources */ = {isa = PBXBuildFile; fileRef = 4C33A5D9223F919F0001C1A7 /* Config.swift */; };
		4C33A5E0223F9BCD0001C1A7 /* BaaS.swift in Sources */ = {isa = PBXBuildFile; fileRef = 4C33A5DF223F9BCD0001C1A7 /* BaaS.swift */; };
		4C33A5E2223FA8B10001C1A7 /* Constants.swift in Sources */ = {isa = PBXBuildFile; fileRef = 4C33A5E1223FA8B00001C1A7 /* Constants.swift */; };
		4C33A5E4223FA9BE0001C1A7 /* HError.swift in Sources */ = {isa = PBXBuildFile; fileRef = 4C33A5E3223FA9BE0001C1A7 /* HError.swift */; };
		4C33A5E8224082900001C1A7 /* MinCloudTests.swift in Sources */ = {isa = PBXBuildFile; fileRef = 4C33A5E7224082900001C1A7 /* MinCloudTests.swift */; };
		4C33A5F02240E77A0001C1A7 /* Query.swift in Sources */ = {isa = PBXBuildFile; fileRef = 4C33A5EF2240E77A0001C1A7 /* Query.swift */; };
		4C33A5F22240E7A40001C1A7 /* Where.swift in Sources */ = {isa = PBXBuildFile; fileRef = 4C33A5F12240E7A40001C1A7 /* Where.swift */; };
		4C33A5F42240E8A30001C1A7 /* BaseRecord.swift in Sources */ = {isa = PBXBuildFile; fileRef = 4C33A5F32240E8A30001C1A7 /* BaseRecord.swift */; };
		4C33A5F62240EAA00001C1A7 /* UserAPI.swift in Sources */ = {isa = PBXBuildFile; fileRef = 4C33A5F52240EAA00001C1A7 /* UserAPI.swift */; };
		4C33A5F82240EFE70001C1A7 /* CurrentUser.swift in Sources */ = {isa = PBXBuildFile; fileRef = 4C33A5F72240EFE70001C1A7 /* CurrentUser.swift */; };
		4C33A5FB224130950001C1A7 /* Table.swift in Sources */ = {isa = PBXBuildFile; fileRef = 4C33A5FA224130950001C1A7 /* Table.swift */; };
		4C33A5FD2241338C0001C1A7 /* Record.swift in Sources */ = {isa = PBXBuildFile; fileRef = 4C33A5FC2241338C0001C1A7 /* Record.swift */; };
		4C4D31692266FCF1001EFA7D /* datasource.plist in Resources */ = {isa = PBXBuildFile; fileRef = 4C4D31682266FCF1001EFA7D /* datasource.plist */; };
		4C4D316B22670AF1001EFA7D /* video.mp4 in Resources */ = {isa = PBXBuildFile; fileRef = 4C4D316A22670AF1001EFA7D /* video.mp4 */; };
		4C831211224477E700B4B33E /* TableAPI.swift in Sources */ = {isa = PBXBuildFile; fileRef = 4C831210224477E700B4B33E /* TableAPI.swift */; };
		4C8312132244F16000B4B33E /* GeoPoint.swift in Sources */ = {isa = PBXBuildFile; fileRef = 4C8312122244F16000B4B33E /* GeoPoint.swift */; };
		4C8312152245D2C500B4B33E /* TableRecordAPI.swift in Sources */ = {isa = PBXBuildFile; fileRef = 4C8312142245D2C500B4B33E /* TableRecordAPI.swift */; };
		4C8312172245D70100B4B33E /* File.swift in Sources */ = {isa = PBXBuildFile; fileRef = 4C8312162245D70100B4B33E /* File.swift */; };
		4C8312192245D71D00B4B33E /* FileAPI.swift in Sources */ = {isa = PBXBuildFile; fileRef = 4C8312182245D71D00B4B33E /* FileAPI.swift */; };
		4C83121C2245E0FC00B4B33E /* ContentGroup.swift in Sources */ = {isa = PBXBuildFile; fileRef = 4C83121B2245E0FC00B4B33E /* ContentGroup.swift */; };
		4C83121F2245E1C500B4B33E /* ContentGroupAPI.swift in Sources */ = {isa = PBXBuildFile; fileRef = 4C83121E2245E1C500B4B33E /* ContentGroupAPI.swift */; };
		4C8312232248EB2900B4B33E /* FileCategory.swift in Sources */ = {isa = PBXBuildFile; fileRef = 4C8312222248EB2900B4B33E /* FileCategory.swift */; };
		4C8312262249B3FF00B4B33E /* BaaSAPI.swift in Sources */ = {isa = PBXBuildFile; fileRef = 4C8312252249B3FF00B4B33E /* BaaSAPI.swift */; };
		4C86C72B225CC8740040C042 /* User.swift in Sources */ = {isa = PBXBuildFile; fileRef = 4C86C72A225CC8740040C042 /* User.swift */; };
		4CAEF969225EF17B00C8A84B /* ContentTestCase.swift in Sources */ = {isa = PBXBuildFile; fileRef = 4CAEF968225EF17B00C8A84B /* ContentTestCase.swift */; };
		4CAEF96B225F011300C8A84B /* FileTestCase.swift in Sources */ = {isa = PBXBuildFile; fileRef = 4CAEF96A225F011300C8A84B /* FileTestCase.swift */; };
		4CAEF96D225F0F5100C8A84B /* 1.png in Resources */ = {isa = PBXBuildFile; fileRef = 4CAEF96C225F0F5100C8A84B /* 1.png */; };
		4CBD3C7B224C5D0100F0E0F2 /* ResultHandler.swift in Sources */ = {isa = PBXBuildFile; fileRef = 4CBD3C7A224C5D0100F0E0F2 /* ResultHandler.swift */; };
		4CCB875B2266CF9C00D65A65 /* AppDelegate.swift in Sources */ = {isa = PBXBuildFile; fileRef = 4CCB875A2266CF9C00D65A65 /* AppDelegate.swift */; };
		4CCB875D2266CF9C00D65A65 /* ViewController.swift in Sources */ = {isa = PBXBuildFile; fileRef = 4CCB875C2266CF9C00D65A65 /* ViewController.swift */; };
		4CCB87602266CF9C00D65A65 /* Main.storyboard in Resources */ = {isa = PBXBuildFile; fileRef = 4CCB875E2266CF9C00D65A65 /* Main.storyboard */; };
		4CCB87622266CF9D00D65A65 /* Assets.xcassets in Resources */ = {isa = PBXBuildFile; fileRef = 4CCB87612266CF9D00D65A65 /* Assets.xcassets */; };
		4CCB87652266CF9D00D65A65 /* LaunchScreen.storyboard in Resources */ = {isa = PBXBuildFile; fileRef = 4CCB87632266CF9D00D65A65 /* LaunchScreen.storyboard */; };
		4CCB87722266CFAB00D65A65 /* AppDelegate.m in Sources */ = {isa = PBXBuildFile; fileRef = 4CCB87712266CFAB00D65A65 /* AppDelegate.m */; };
		4CCB87752266CFAB00D65A65 /* ViewController.m in Sources */ = {isa = PBXBuildFile; fileRef = 4CCB87742266CFAB00D65A65 /* ViewController.m */; };
		4CCB87782266CFAB00D65A65 /* Main.storyboard in Resources */ = {isa = PBXBuildFile; fileRef = 4CCB87762266CFAB00D65A65 /* Main.storyboard */; };
		4CCB877A2266CFAB00D65A65 /* Assets.xcassets in Resources */ = {isa = PBXBuildFile; fileRef = 4CCB87792266CFAB00D65A65 /* Assets.xcassets */; };
		4CCB877D2266CFAB00D65A65 /* LaunchScreen.storyboard in Resources */ = {isa = PBXBuildFile; fileRef = 4CCB877B2266CFAB00D65A65 /* LaunchScreen.storyboard */; };
		4CCB87802266CFAB00D65A65 /* main.m in Sources */ = {isa = PBXBuildFile; fileRef = 4CCB877F2266CFAB00D65A65 /* main.m */; };
		4CCB87842266D41400D65A65 /* MinCloud.framework in Frameworks */ = {isa = PBXBuildFile; fileRef = 4C33A57E223F4E850001C1A7 /* MinCloud.framework */; };
		4CCB87852266D41C00D65A65 /* MinCloud.framework in Frameworks */ = {isa = PBXBuildFile; fileRef = 4C33A57E223F4E850001C1A7 /* MinCloud.framework */; };
		4CCB87882266D52100D65A65 /* datasource.plist in Resources */ = {isa = PBXBuildFile; fileRef = 4CCB87862266D52000D65A65 /* datasource.plist */; };
		4CCB87892266D52100D65A65 /* 1.png in Resources */ = {isa = PBXBuildFile; fileRef = 4CCB87872266D52100D65A65 /* 1.png */; };
		4CE2BCF922422A960008211C /* NSDictionary+Convenient.swift in Sources */ = {isa = PBXBuildFile; fileRef = 4CE2BCF822422A960008211C /* NSDictionary+Convenient.swift */; };
		4CEC28E6228A6F7700E9F606 /* PayAPI.swift in Sources */ = {isa = PBXBuildFile; fileRef = 4CEC28E5228A6F7700E9F606 /* PayAPI.swift */; };
		4CEC28E9228A728C00E9F606 /* Pay.swift in Sources */ = {isa = PBXBuildFile; fileRef = 4CEC28E8228A728C00E9F606 /* Pay.swift */; };
		4CED59142293E4DD00949503 /* MinCloud.framework in CopyFiles */ = {isa = PBXBuildFile; fileRef = 4C33A57E223F4E850001C1A7 /* MinCloud.framework */; settings = {ATTRIBUTES = (CodeSignOnCopy, RemoveHeadersOnCopy, ); }; };
		4CED591622967CEF00949503 /* Order.swift in Sources */ = {isa = PBXBuildFile; fileRef = 4CED591522967CEF00949503 /* Order.swift */; };
		4CEEBC0C224CD087007511E0 /* FileManager.swift in Sources */ = {isa = PBXBuildFile; fileRef = 4CEEBC0B224CD087007511E0 /* FileManager.swift */; };
		4CEEBC0E224CEE1D007511E0 /* ContentCategory.swift in Sources */ = {isa = PBXBuildFile; fileRef = 4CEEBC0D224CEE1D007511E0 /* ContentCategory.swift */; };
		4CEFC084225CEC1000C9238C /* Storage.swift in Sources */ = {isa = PBXBuildFile; fileRef = 4CEFC083225CEC1000C9238C /* Storage.swift */; };
		4CEFC086225D760F00C9238C /* ListResult.swift in Sources */ = {isa = PBXBuildFile; fileRef = 4CEFC085225D760F00C9238C /* ListResult.swift */; };
		4CEFC088225E594C00C9238C /* RequestCanceller.swift in Sources */ = {isa = PBXBuildFile; fileRef = 4CEFC087225E594C00C9238C /* RequestCanceller.swift */; };
		4CEFC08A225EB67400C9238C /* testcase.plist in Resources */ = {isa = PBXBuildFile; fileRef = 4CEFC089225EB67400C9238C /* testcase.plist */; };
		4CEFC090225EB94800C9238C /* CurrentUserTests.swift in Sources */ = {isa = PBXBuildFile; fileRef = 4CEFC08F225EB94800C9238C /* CurrentUserTests.swift */; };
		4CEFC092225ED80600C9238C /* TableTestCase.swift in Sources */ = {isa = PBXBuildFile; fileRef = 4CEFC091225ED80600C9238C /* TableTestCase.swift */; };
		4CF1BACC224B81720000CF54 /* Content.swift in Sources */ = {isa = PBXBuildFile; fileRef = 4CF1BACB224B81720000CF54 /* Content.swift */; };
		4CF88424227000910071B2EA /* BaaSTestCase.swift in Sources */ = {isa = PBXBuildFile; fileRef = 4CF88423227000910071B2EA /* BaaSTestCase.swift */; };
		84EDE73CA89609A94E857203 /* Pods_MinCloudTests.framework in Frameworks */ = {isa = PBXBuildFile; fileRef = 6D2AC11A4A4F71D49D3FF5BD /* Pods_MinCloudTests.framework */; };
		A6DF9F9EEC34554F7FB94E8F /* Pods_MinCloud.framework in Frameworks */ = {isa = PBXBuildFile; fileRef = 25D7D3FD37B1C304F2750718 /* Pods_MinCloud.framework */; };
		C182A8345EB1B75F62ABA681 /* Pods_Demo_Swift.framework in Frameworks */ = {isa = PBXBuildFile; fileRef = 4B4F0D2017DA76BD60FEC522 /* Pods_Demo_Swift.framework */; };
		FF9E40B3EA795597D8F79126 /* Pods_Demo_OC.framework in Frameworks */ = {isa = PBXBuildFile; fileRef = CC992ED6F94743BE87D0BA1F /* Pods_Demo_OC.framework */; };
/* End PBXBuildFile section */

/* Begin PBXContainerItemProxy section */
		4C33A589223F4E850001C1A7 /* PBXContainerItemProxy */ = {
			isa = PBXContainerItemProxy;
			containerPortal = 4C33A575223F4E850001C1A7 /* Project object */;
			proxyType = 1;
			remoteGlobalIDString = 4C33A57D223F4E850001C1A7;
			remoteInfo = MinCloud;
		};
/* End PBXContainerItemProxy section */

/* Begin PBXCopyFilesBuildPhase section */
		4C15F12422A51CB100904B9A /* CopyFiles */ = {
			isa = PBXCopyFilesBuildPhase;
			buildActionMask = 2147483647;
			dstPath = "";
			dstSubfolderSpec = 10;
			files = (
				4C15F12522A51CC300904B9A /* MinCloud.framework in CopyFiles */,
			);
			runOnlyForDeploymentPostprocessing = 0;
		};
		4CED59132293E4C500949503 /* CopyFiles */ = {
			isa = PBXCopyFilesBuildPhase;
			buildActionMask = 2147483647;
			dstPath = "";
			dstSubfolderSpec = 10;
			files = (
				4CED59142293E4DD00949503 /* MinCloud.framework in CopyFiles */,
			);
			runOnlyForDeploymentPostprocessing = 0;
		};
/* End PBXCopyFilesBuildPhase section */

/* Begin PBXFileReference section */
		1965E55879945EEA140178F7 /* Pods-MinCloudTests.debug.xcconfig */ = {isa = PBXFileReference; includeInIndex = 1; lastKnownFileType = text.xcconfig; name = "Pods-MinCloudTests.debug.xcconfig"; path = "Pods/Target Support Files/Pods-MinCloudTests/Pods-MinCloudTests.debug.xcconfig"; sourceTree = "<group>"; };
		1D22E5C4AB5E39CB3D550850 /* Pods-MinCloud-MinCloudTests.debug.xcconfig */ = {isa = PBXFileReference; includeInIndex = 1; lastKnownFileType = text.xcconfig; name = "Pods-MinCloud-MinCloudTests.debug.xcconfig"; path = "../Pods/Target Support Files/Pods-MinCloud-MinCloudTests/Pods-MinCloud-MinCloudTests.debug.xcconfig"; sourceTree = "<group>"; };
		25D7D3FD37B1C304F2750718 /* Pods_MinCloud.framework */ = {isa = PBXFileReference; explicitFileType = wrapper.framework; includeInIndex = 0; path = Pods_MinCloud.framework; sourceTree = BUILT_PRODUCTS_DIR; };
		4B4F0D2017DA76BD60FEC522 /* Pods_Demo_Swift.framework */ = {isa = PBXFileReference; explicitFileType = wrapper.framework; includeInIndex = 0; path = Pods_Demo_Swift.framework; sourceTree = BUILT_PRODUCTS_DIR; };
		4C33A57E223F4E850001C1A7 /* MinCloud.framework */ = {isa = PBXFileReference; explicitFileType = wrapper.framework; includeInIndex = 0; path = MinCloud.framework; sourceTree = BUILT_PRODUCTS_DIR; };
		4C33A582223F4E850001C1A7 /* Info.plist */ = {isa = PBXFileReference; lastKnownFileType = text.plist.xml; path = Info.plist; sourceTree = "<group>"; };
		4C33A587223F4E850001C1A7 /* MinCloudTests.xctest */ = {isa = PBXFileReference; explicitFileType = wrapper.cfbundle; includeInIndex = 0; path = MinCloudTests.xctest; sourceTree = BUILT_PRODUCTS_DIR; };
		4C33A58E223F4E850001C1A7 /* Info.plist */ = {isa = PBXFileReference; lastKnownFileType = text.plist.xml; path = Info.plist; sourceTree = "<group>"; };
		4C33A5A4223F6B2F0001C1A7 /* AuthAPI.swift */ = {isa = PBXFileReference; lastKnownFileType = sourcecode.swift; path = AuthAPI.swift; sourceTree = "<group>"; };
		4C33A5A8223F6D480001C1A7 /* Auth.swift */ = {isa = PBXFileReference; lastKnownFileType = sourcecode.swift; path = Auth.swift; sourceTree = "<group>"; };
		4C33A5D9223F919F0001C1A7 /* Config.swift */ = {isa = PBXFileReference; lastKnownFileType = sourcecode.swift; path = Config.swift; sourceTree = "<group>"; };
		4C33A5DF223F9BCD0001C1A7 /* BaaS.swift */ = {isa = PBXFileReference; lastKnownFileType = sourcecode.swift; path = BaaS.swift; sourceTree = "<group>"; };
		4C33A5E1223FA8B00001C1A7 /* Constants.swift */ = {isa = PBXFileReference; lastKnownFileType = sourcecode.swift; path = Constants.swift; sourceTree = "<group>"; };
		4C33A5E3223FA9BE0001C1A7 /* HError.swift */ = {isa = PBXFileReference; lastKnownFileType = sourcecode.swift; path = HError.swift; sourceTree = "<group>"; };
		4C33A5E7224082900001C1A7 /* MinCloudTests.swift */ = {isa = PBXFileReference; lastKnownFileType = sourcecode.swift; path = MinCloudTests.swift; sourceTree = "<group>"; };
		4C33A5EF2240E77A0001C1A7 /* Query.swift */ = {isa = PBXFileReference; lastKnownFileType = sourcecode.swift; path = Query.swift; sourceTree = "<group>"; };
		4C33A5F12240E7A40001C1A7 /* Where.swift */ = {isa = PBXFileReference; lastKnownFileType = sourcecode.swift; path = Where.swift; sourceTree = "<group>"; };
		4C33A5F32240E8A30001C1A7 /* BaseRecord.swift */ = {isa = PBXFileReference; lastKnownFileType = sourcecode.swift; path = BaseRecord.swift; sourceTree = "<group>"; };
		4C33A5F52240EAA00001C1A7 /* UserAPI.swift */ = {isa = PBXFileReference; lastKnownFileType = sourcecode.swift; path = UserAPI.swift; sourceTree = "<group>"; };
		4C33A5F72240EFE70001C1A7 /* CurrentUser.swift */ = {isa = PBXFileReference; lastKnownFileType = sourcecode.swift; path = CurrentUser.swift; sourceTree = "<group>"; };
		4C33A5FA224130950001C1A7 /* Table.swift */ = {isa = PBXFileReference; lastKnownFileType = sourcecode.swift; path = Table.swift; sourceTree = "<group>"; };
		4C33A5FC2241338C0001C1A7 /* Record.swift */ = {isa = PBXFileReference; lastKnownFileType = sourcecode.swift; path = Record.swift; sourceTree = "<group>"; };
		4C4D31682266FCF1001EFA7D /* datasource.plist */ = {isa = PBXFileReference; fileEncoding = 4; lastKnownFileType = text.plist.xml; path = datasource.plist; sourceTree = "<group>"; };
		4C4D316A22670AF1001EFA7D /* video.mp4 */ = {isa = PBXFileReference; lastKnownFileType = file; path = video.mp4; sourceTree = "<group>"; };
		4C831210224477E700B4B33E /* TableAPI.swift */ = {isa = PBXFileReference; lastKnownFileType = sourcecode.swift; path = TableAPI.swift; sourceTree = "<group>"; };
		4C8312122244F16000B4B33E /* GeoPoint.swift */ = {isa = PBXFileReference; lastKnownFileType = sourcecode.swift; path = GeoPoint.swift; sourceTree = "<group>"; };
		4C8312142245D2C500B4B33E /* TableRecordAPI.swift */ = {isa = PBXFileReference; lastKnownFileType = sourcecode.swift; path = TableRecordAPI.swift; sourceTree = "<group>"; };
		4C8312162245D70100B4B33E /* File.swift */ = {isa = PBXFileReference; lastKnownFileType = sourcecode.swift; path = File.swift; sourceTree = "<group>"; };
		4C8312182245D71D00B4B33E /* FileAPI.swift */ = {isa = PBXFileReference; lastKnownFileType = sourcecode.swift; path = FileAPI.swift; sourceTree = "<group>"; };
		4C83121B2245E0FC00B4B33E /* ContentGroup.swift */ = {isa = PBXFileReference; lastKnownFileType = sourcecode.swift; path = ContentGroup.swift; sourceTree = "<group>"; };
		4C83121E2245E1C500B4B33E /* ContentGroupAPI.swift */ = {isa = PBXFileReference; lastKnownFileType = sourcecode.swift; path = ContentGroupAPI.swift; sourceTree = "<group>"; };
		4C8312222248EB2900B4B33E /* FileCategory.swift */ = {isa = PBXFileReference; lastKnownFileType = sourcecode.swift; path = FileCategory.swift; sourceTree = "<group>"; };
		4C8312252249B3FF00B4B33E /* BaaSAPI.swift */ = {isa = PBXFileReference; lastKnownFileType = sourcecode.swift; path = BaaSAPI.swift; sourceTree = "<group>"; };
		4C86C6F7225B3DA50040C042 /* MinCloud.h */ = {isa = PBXFileReference; lastKnownFileType = sourcecode.c.h; path = MinCloud.h; sourceTree = "<group>"; };
		4C86C72A225CC8740040C042 /* User.swift */ = {isa = PBXFileReference; lastKnownFileType = sourcecode.swift; path = User.swift; sourceTree = "<group>"; };
		4CAEF968225EF17B00C8A84B /* ContentTestCase.swift */ = {isa = PBXFileReference; lastKnownFileType = sourcecode.swift; path = ContentTestCase.swift; sourceTree = "<group>"; };
		4CAEF96A225F011300C8A84B /* FileTestCase.swift */ = {isa = PBXFileReference; lastKnownFileType = sourcecode.swift; path = FileTestCase.swift; sourceTree = "<group>"; };
		4CAEF96C225F0F5100C8A84B /* 1.png */ = {isa = PBXFileReference; lastKnownFileType = image.png; path = 1.png; sourceTree = "<group>"; };
		4CBD3C7A224C5D0100F0E0F2 /* ResultHandler.swift */ = {isa = PBXFileReference; lastKnownFileType = sourcecode.swift; path = ResultHandler.swift; sourceTree = "<group>"; };
		4CCB87582266CF9C00D65A65 /* Demo_Swift.app */ = {isa = PBXFileReference; explicitFileType = wrapper.application; includeInIndex = 0; path = Demo_Swift.app; sourceTree = BUILT_PRODUCTS_DIR; };
		4CCB875A2266CF9C00D65A65 /* AppDelegate.swift */ = {isa = PBXFileReference; lastKnownFileType = sourcecode.swift; path = AppDelegate.swift; sourceTree = "<group>"; };
		4CCB875C2266CF9C00D65A65 /* ViewController.swift */ = {isa = PBXFileReference; lastKnownFileType = sourcecode.swift; path = ViewController.swift; sourceTree = "<group>"; };
		4CCB875F2266CF9C00D65A65 /* Base */ = {isa = PBXFileReference; lastKnownFileType = file.storyboard; name = Base; path = Base.lproj/Main.storyboard; sourceTree = "<group>"; };
		4CCB87612266CF9D00D65A65 /* Assets.xcassets */ = {isa = PBXFileReference; lastKnownFileType = folder.assetcatalog; path = Assets.xcassets; sourceTree = "<group>"; };
		4CCB87642266CF9D00D65A65 /* Base */ = {isa = PBXFileReference; lastKnownFileType = file.storyboard; name = Base; path = Base.lproj/LaunchScreen.storyboard; sourceTree = "<group>"; };
		4CCB87662266CF9D00D65A65 /* Info.plist */ = {isa = PBXFileReference; lastKnownFileType = text.plist.xml; path = Info.plist; sourceTree = "<group>"; };
		4CCB876E2266CFAB00D65A65 /* Demo_OC.app */ = {isa = PBXFileReference; explicitFileType = wrapper.application; includeInIndex = 0; path = Demo_OC.app; sourceTree = BUILT_PRODUCTS_DIR; };
		4CCB87702266CFAB00D65A65 /* AppDelegate.h */ = {isa = PBXFileReference; lastKnownFileType = sourcecode.c.h; path = AppDelegate.h; sourceTree = "<group>"; };
		4CCB87712266CFAB00D65A65 /* AppDelegate.m */ = {isa = PBXFileReference; lastKnownFileType = sourcecode.c.objc; path = AppDelegate.m; sourceTree = "<group>"; };
		4CCB87732266CFAB00D65A65 /* ViewController.h */ = {isa = PBXFileReference; lastKnownFileType = sourcecode.c.h; path = ViewController.h; sourceTree = "<group>"; };
		4CCB87742266CFAB00D65A65 /* ViewController.m */ = {isa = PBXFileReference; lastKnownFileType = sourcecode.c.objc; path = ViewController.m; sourceTree = "<group>"; };
		4CCB87772266CFAB00D65A65 /* Base */ = {isa = PBXFileReference; lastKnownFileType = file.storyboard; name = Base; path = Base.lproj/Main.storyboard; sourceTree = "<group>"; };
		4CCB87792266CFAB00D65A65 /* Assets.xcassets */ = {isa = PBXFileReference; lastKnownFileType = folder.assetcatalog; path = Assets.xcassets; sourceTree = "<group>"; };
		4CCB877C2266CFAB00D65A65 /* Base */ = {isa = PBXFileReference; lastKnownFileType = file.storyboard; name = Base; path = Base.lproj/LaunchScreen.storyboard; sourceTree = "<group>"; };
		4CCB877E2266CFAB00D65A65 /* Info.plist */ = {isa = PBXFileReference; lastKnownFileType = text.plist.xml; path = Info.plist; sourceTree = "<group>"; };
		4CCB877F2266CFAB00D65A65 /* main.m */ = {isa = PBXFileReference; lastKnownFileType = sourcecode.c.objc; path = main.m; sourceTree = "<group>"; };
		4CCB87862266D52000D65A65 /* datasource.plist */ = {isa = PBXFileReference; fileEncoding = 4; lastKnownFileType = text.plist.xml; path = datasource.plist; sourceTree = "<group>"; };
		4CCB87872266D52100D65A65 /* 1.png */ = {isa = PBXFileReference; lastKnownFileType = image.png; path = 1.png; sourceTree = "<group>"; };
		4CE2BCF822422A960008211C /* NSDictionary+Convenient.swift */ = {isa = PBXFileReference; fileEncoding = 4; lastKnownFileType = sourcecode.swift; path = "NSDictionary+Convenient.swift"; sourceTree = "<group>"; };
		4CEC28E5228A6F7700E9F606 /* PayAPI.swift */ = {isa = PBXFileReference; lastKnownFileType = sourcecode.swift; path = PayAPI.swift; sourceTree = "<group>"; };
		4CEC28E8228A728C00E9F606 /* Pay.swift */ = {isa = PBXFileReference; lastKnownFileType = sourcecode.swift; path = Pay.swift; sourceTree = "<group>"; };
		4CEC28EA228AA60300E9F606 /* MinCloud-Bridging-Header.h */ = {isa = PBXFileReference; lastKnownFileType = sourcecode.c.h; path = "MinCloud-Bridging-Header.h"; sourceTree = "<group>"; };
		4CED591522967CEF00949503 /* Order.swift */ = {isa = PBXFileReference; lastKnownFileType = sourcecode.swift; path = Order.swift; sourceTree = "<group>"; };
		4CEEBC0B224CD087007511E0 /* FileManager.swift */ = {isa = PBXFileReference; lastKnownFileType = sourcecode.swift; path = FileManager.swift; sourceTree = "<group>"; };
		4CEEBC0D224CEE1D007511E0 /* ContentCategory.swift */ = {isa = PBXFileReference; lastKnownFileType = sourcecode.swift; path = ContentCategory.swift; sourceTree = "<group>"; };
		4CEFC083225CEC1000C9238C /* Storage.swift */ = {isa = PBXFileReference; lastKnownFileType = sourcecode.swift; path = Storage.swift; sourceTree = "<group>"; };
		4CEFC085225D760F00C9238C /* ListResult.swift */ = {isa = PBXFileReference; lastKnownFileType = sourcecode.swift; path = ListResult.swift; sourceTree = "<group>"; };
		4CEFC087225E594C00C9238C /* RequestCanceller.swift */ = {isa = PBXFileReference; fileEncoding = 4; lastKnownFileType = sourcecode.swift; path = RequestCanceller.swift; sourceTree = "<group>"; };
		4CEFC089225EB67400C9238C /* testcase.plist */ = {isa = PBXFileReference; lastKnownFileType = text.plist.xml; path = testcase.plist; sourceTree = "<group>"; };
		4CEFC08F225EB94800C9238C /* CurrentUserTests.swift */ = {isa = PBXFileReference; lastKnownFileType = sourcecode.swift; path = CurrentUserTests.swift; sourceTree = "<group>"; };
		4CEFC091225ED80600C9238C /* TableTestCase.swift */ = {isa = PBXFileReference; lastKnownFileType = sourcecode.swift; path = TableTestCase.swift; sourceTree = "<group>"; };
		4CF1BACB224B81720000CF54 /* Content.swift */ = {isa = PBXFileReference; lastKnownFileType = sourcecode.swift; path = Content.swift; sourceTree = "<group>"; };
		4CF88423227000910071B2EA /* BaaSTestCase.swift */ = {isa = PBXFileReference; lastKnownFileType = sourcecode.swift; path = BaaSTestCase.swift; sourceTree = "<group>"; };
		653ADE49C87E389508F82094 /* Pods_MinCloud_MinCloudTests.framework */ = {isa = PBXFileReference; explicitFileType = wrapper.framework; includeInIndex = 0; path = Pods_MinCloud_MinCloudTests.framework; sourceTree = BUILT_PRODUCTS_DIR; };
		6A02ABC8EDA69977016F7175 /* Pods-MinCloudTests.release.xcconfig */ = {isa = PBXFileReference; includeInIndex = 1; lastKnownFileType = text.xcconfig; name = "Pods-MinCloudTests.release.xcconfig"; path = "Pods/Target Support Files/Pods-MinCloudTests/Pods-MinCloudTests.release.xcconfig"; sourceTree = "<group>"; };
		6D2AC11A4A4F71D49D3FF5BD /* Pods_MinCloudTests.framework */ = {isa = PBXFileReference; explicitFileType = wrapper.framework; includeInIndex = 0; path = Pods_MinCloudTests.framework; sourceTree = BUILT_PRODUCTS_DIR; };
		A66158A59ACAFA9E2774F238 /* Pods-Demo_OC.release.xcconfig */ = {isa = PBXFileReference; includeInIndex = 1; lastKnownFileType = text.xcconfig; name = "Pods-Demo_OC.release.xcconfig"; path = "Pods/Target Support Files/Pods-Demo_OC/Pods-Demo_OC.release.xcconfig"; sourceTree = "<group>"; };
		B32BE11E5B58A524B35322F2 /* Pods-MinCloud.debug.xcconfig */ = {isa = PBXFileReference; includeInIndex = 1; lastKnownFileType = text.xcconfig; name = "Pods-MinCloud.debug.xcconfig"; path = "Pods/Target Support Files/Pods-MinCloud/Pods-MinCloud.debug.xcconfig"; sourceTree = "<group>"; };
		BA557BB13AC653342E830773 /* Pods-Demo_Swift.release.xcconfig */ = {isa = PBXFileReference; includeInIndex = 1; lastKnownFileType = text.xcconfig; name = "Pods-Demo_Swift.release.xcconfig"; path = "Pods/Target Support Files/Pods-Demo_Swift/Pods-Demo_Swift.release.xcconfig"; sourceTree = "<group>"; };
		CC992ED6F94743BE87D0BA1F /* Pods_Demo_OC.framework */ = {isa = PBXFileReference; explicitFileType = wrapper.framework; includeInIndex = 0; path = Pods_Demo_OC.framework; sourceTree = BUILT_PRODUCTS_DIR; };
		DD4C3DC340F9068D9A4624DE /* Pods-Demo_Swift.debug.xcconfig */ = {isa = PBXFileReference; includeInIndex = 1; lastKnownFileType = text.xcconfig; name = "Pods-Demo_Swift.debug.xcconfig"; path = "Pods/Target Support Files/Pods-Demo_Swift/Pods-Demo_Swift.debug.xcconfig"; sourceTree = "<group>"; };
		E307ED5482940DF57D58CD16 /* Pods-Demo_OC.debug.xcconfig */ = {isa = PBXFileReference; includeInIndex = 1; lastKnownFileType = text.xcconfig; name = "Pods-Demo_OC.debug.xcconfig"; path = "Pods/Target Support Files/Pods-Demo_OC/Pods-Demo_OC.debug.xcconfig"; sourceTree = "<group>"; };
		E82CE092A9C01A2B0AEB622F /* Pods-MinCloud-MinCloudTests.release.xcconfig */ = {isa = PBXFileReference; includeInIndex = 1; lastKnownFileType = text.xcconfig; name = "Pods-MinCloud-MinCloudTests.release.xcconfig"; path = "../Pods/Target Support Files/Pods-MinCloud-MinCloudTests/Pods-MinCloud-MinCloudTests.release.xcconfig"; sourceTree = "<group>"; };
		F8370F74399CA6938D5BD3D2 /* Pods-MinCloud.release.xcconfig */ = {isa = PBXFileReference; includeInIndex = 1; lastKnownFileType = text.xcconfig; name = "Pods-MinCloud.release.xcconfig"; path = "Pods/Target Support Files/Pods-MinCloud/Pods-MinCloud.release.xcconfig"; sourceTree = "<group>"; };
/* End PBXFileReference section */

/* Begin PBXFrameworksBuildPhase section */
		4C33A57B223F4E850001C1A7 /* Frameworks */ = {
			isa = PBXFrameworksBuildPhase;
			buildActionMask = 2147483647;
			files = (
				A6DF9F9EEC34554F7FB94E8F /* Pods_MinCloud.framework in Frameworks */,
			);
			runOnlyForDeploymentPostprocessing = 0;
		};
		4C33A584223F4E850001C1A7 /* Frameworks */ = {
			isa = PBXFrameworksBuildPhase;
			buildActionMask = 2147483647;
			files = (
				4C33A588223F4E850001C1A7 /* MinCloud.framework in Frameworks */,
				84EDE73CA89609A94E857203 /* Pods_MinCloudTests.framework in Frameworks */,
			);
			runOnlyForDeploymentPostprocessing = 0;
		};
		4CCB87552266CF9C00D65A65 /* Frameworks */ = {
			isa = PBXFrameworksBuildPhase;
			buildActionMask = 2147483647;
			files = (
				4CCB87842266D41400D65A65 /* MinCloud.framework in Frameworks */,
				C182A8345EB1B75F62ABA681 /* Pods_Demo_Swift.framework in Frameworks */,
			);
			runOnlyForDeploymentPostprocessing = 0;
		};
		4CCB876B2266CFAB00D65A65 /* Frameworks */ = {
			isa = PBXFrameworksBuildPhase;
			buildActionMask = 2147483647;
			files = (
				4CCB87852266D41C00D65A65 /* MinCloud.framework in Frameworks */,
				FF9E40B3EA795597D8F79126 /* Pods_Demo_OC.framework in Frameworks */,
			);
			runOnlyForDeploymentPostprocessing = 0;
		};
/* End PBXFrameworksBuildPhase section */

/* Begin PBXGroup section */
		21F9A129035E1F29D254CB78 /* Frameworks */ = {
			isa = PBXGroup;
			children = (
				25D7D3FD37B1C304F2750718 /* Pods_MinCloud.framework */,
				653ADE49C87E389508F82094 /* Pods_MinCloud_MinCloudTests.framework */,
				CC992ED6F94743BE87D0BA1F /* Pods_Demo_OC.framework */,
				4B4F0D2017DA76BD60FEC522 /* Pods_Demo_Swift.framework */,
				6D2AC11A4A4F71D49D3FF5BD /* Pods_MinCloudTests.framework */,
			);
			name = Frameworks;
			sourceTree = "<group>";
		};
		28FC9CAADA0363B72A188047 /* Pods */ = {
			isa = PBXGroup;
			children = (
				B32BE11E5B58A524B35322F2 /* Pods-MinCloud.debug.xcconfig */,
				F8370F74399CA6938D5BD3D2 /* Pods-MinCloud.release.xcconfig */,
				1D22E5C4AB5E39CB3D550850 /* Pods-MinCloud-MinCloudTests.debug.xcconfig */,
				E82CE092A9C01A2B0AEB622F /* Pods-MinCloud-MinCloudTests.release.xcconfig */,
				E307ED5482940DF57D58CD16 /* Pods-Demo_OC.debug.xcconfig */,
				A66158A59ACAFA9E2774F238 /* Pods-Demo_OC.release.xcconfig */,
				DD4C3DC340F9068D9A4624DE /* Pods-Demo_Swift.debug.xcconfig */,
				BA557BB13AC653342E830773 /* Pods-Demo_Swift.release.xcconfig */,
				1965E55879945EEA140178F7 /* Pods-MinCloudTests.debug.xcconfig */,
				6A02ABC8EDA69977016F7175 /* Pods-MinCloudTests.release.xcconfig */,
			);
			name = Pods;
			sourceTree = "<group>";
		};
		4C33A574223F4E850001C1A7 = {
			isa = PBXGroup;
			children = (
				4C33A580223F4E850001C1A7 /* MinCloud */,
				4C33A58B223F4E850001C1A7 /* MinCloudTests */,
				4CCB87592266CF9C00D65A65 /* Demo_Swift */,
				4CCB876F2266CFAB00D65A65 /* Demo_OC */,
				4C33A57F223F4E850001C1A7 /* Products */,
				28FC9CAADA0363B72A188047 /* Pods */,
				21F9A129035E1F29D254CB78 /* Frameworks */,
			);
			sourceTree = "<group>";
		};
		4C33A57F223F4E850001C1A7 /* Products */ = {
			isa = PBXGroup;
			children = (
				4C33A57E223F4E850001C1A7 /* MinCloud.framework */,
				4C33A587223F4E850001C1A7 /* MinCloudTests.xctest */,
				4CCB87582266CF9C00D65A65 /* Demo_Swift.app */,
				4CCB876E2266CFAB00D65A65 /* Demo_OC.app */,
			);
			name = Products;
			sourceTree = "<group>";
		};
		4C33A580223F4E850001C1A7 /* MinCloud */ = {
			isa = PBXGroup;
			children = (
				4C33A5A6223F6CBC0001C1A7 /* API */,
				4C33A5A1223F6A6D0001C1A7 /* Networking */,
				4CE2BCF52242282B0008211C /* Utils */,
				4C33A582223F4E850001C1A7 /* Info.plist */,
				4C86C6F7225B3DA50040C042 /* MinCloud.h */,
				4CEC28EA228AA60300E9F606 /* MinCloud-Bridging-Header.h */,
			);
			path = MinCloud;
			sourceTree = "<group>";
		};
		4C33A58B223F4E850001C1A7 /* MinCloudTests */ = {
			isa = PBXGroup;
			children = (
				4CF88423227000910071B2EA /* BaaSTestCase.swift */,
				4CAEF96A225F011300C8A84B /* FileTestCase.swift */,
				4CAEF968225EF17B00C8A84B /* ContentTestCase.swift */,
				4CEFC091225ED80600C9238C /* TableTestCase.swift */,
				4C33A5E7224082900001C1A7 /* MinCloudTests.swift */,
				4C33A58E223F4E850001C1A7 /* Info.plist */,
				4CEFC089225EB67400C9238C /* testcase.plist */,
				4CEFC08F225EB94800C9238C /* CurrentUserTests.swift */,
				4CAEF96C225F0F5100C8A84B /* 1.png */,
			);
			path = MinCloudTests;
			sourceTree = "<group>";
		};
		4C33A5A1223F6A6D0001C1A7 /* Networking */ = {
			isa = PBXGroup;
			children = (
				4CEC28E4228A6EA600E9F606 /* Pay */,
				4C8312242249B3E800B4B33E /* BaaS */,
				4C33A5A2223F6AAC0001C1A7 /* Base */,
				4C33A5A3223F6AB50001C1A7 /* Auth */,
				4C83120F224475B800B4B33E /* Table */,
				4C83121A2245D72300B4B33E /* File */,
				4C83121D2245E16800B4B33E /* ContentGroup */,
			);
			name = Networking;
			sourceTree = "<group>";
		};
		4C33A5A2223F6AAC0001C1A7 /* Base */ = {
			isa = PBXGroup;
			children = (
				4CBD3C7A224C5D0100F0E0F2 /* ResultHandler.swift */,
				4C33A5D9223F919F0001C1A7 /* Config.swift */,
			);
			name = Base;
			sourceTree = "<group>";
		};
		4C33A5A3223F6AB50001C1A7 /* Auth */ = {
			isa = PBXGroup;
			children = (
				4C33A5A4223F6B2F0001C1A7 /* AuthAPI.swift */,
				4C33A5F52240EAA00001C1A7 /* UserAPI.swift */,
			);
			name = Auth;
			sourceTree = "<group>";
		};
		4C33A5A6223F6CBC0001C1A7 /* API */ = {
			isa = PBXGroup;
			children = (
				4C33A5DF223F9BCD0001C1A7 /* BaaS.swift */,
				4C33A5E1223FA8B00001C1A7 /* Constants.swift */,
				4C33A5E3223FA9BE0001C1A7 /* HError.swift */,
				4CEFC087225E594C00C9238C /* RequestCanceller.swift */,
				4C33A5A7223F6CCC0001C1A7 /* Base */,
				4C33A5D7223F8C500001C1A7 /* User */,
				4C33A5F9224130510001C1A7 /* Table */,
				4C33A5FF224135EA0001C1A7 /* File */,
				4C33A5FE224135CB0001C1A7 /* ContentGroup */,
				4C33A600224136110001C1A7 /* GeoPoint */,
				4CEC28E7228A721C00E9F606 /* Pay */,
			);
			name = API;
			sourceTree = "<group>";
		};
		4C33A5A7223F6CCC0001C1A7 /* Base */ = {
			isa = PBXGroup;
			children = (
				4C33A5EF2240E77A0001C1A7 /* Query.swift */,
				4C33A5F12240E7A40001C1A7 /* Where.swift */,
				4C33A5F32240E8A30001C1A7 /* BaseRecord.swift */,
				4CEFC085225D760F00C9238C /* ListResult.swift */,
				4CEFC083225CEC1000C9238C /* Storage.swift */,
			);
			name = Base;
			sourceTree = "<group>";
		};
		4C33A5D7223F8C500001C1A7 /* User */ = {
			isa = PBXGroup;
			children = (
				4C33A5A8223F6D480001C1A7 /* Auth.swift */,
				4C86C72A225CC8740040C042 /* User.swift */,
				4C33A5F72240EFE70001C1A7 /* CurrentUser.swift */,
			);
			name = User;
			sourceTree = "<group>";
		};
		4C33A5F9224130510001C1A7 /* Table */ = {
			isa = PBXGroup;
			children = (
				4C33A5FA224130950001C1A7 /* Table.swift */,
				4C33A5FC2241338C0001C1A7 /* Record.swift */,
			);
			name = Table;
			sourceTree = "<group>";
		};
		4C33A5FE224135CB0001C1A7 /* ContentGroup */ = {
			isa = PBXGroup;
			children = (
				4C83121B2245E0FC00B4B33E /* ContentGroup.swift */,
				4CF1BACB224B81720000CF54 /* Content.swift */,
				4CEEBC0D224CEE1D007511E0 /* ContentCategory.swift */,
			);
			name = ContentGroup;
			sourceTree = "<group>";
		};
		4C33A5FF224135EA0001C1A7 /* File */ = {
			isa = PBXGroup;
			children = (
				4CEEBC0B224CD087007511E0 /* FileManager.swift */,
				4C8312162245D70100B4B33E /* File.swift */,
				4C8312222248EB2900B4B33E /* FileCategory.swift */,
			);
			name = File;
			sourceTree = "<group>";
		};
		4C33A600224136110001C1A7 /* GeoPoint */ = {
			isa = PBXGroup;
			children = (
				4C8312122244F16000B4B33E /* GeoPoint.swift */,
			);
			name = GeoPoint;
			sourceTree = "<group>";
		};
		4C83120F224475B800B4B33E /* Table */ = {
			isa = PBXGroup;
			children = (
				4C831210224477E700B4B33E /* TableAPI.swift */,
				4C8312142245D2C500B4B33E /* TableRecordAPI.swift */,
			);
			name = Table;
			sourceTree = "<group>";
		};
		4C83121A2245D72300B4B33E /* File */ = {
			isa = PBXGroup;
			children = (
				4C8312182245D71D00B4B33E /* FileAPI.swift */,
			);
			name = File;
			sourceTree = "<group>";
		};
		4C83121D2245E16800B4B33E /* ContentGroup */ = {
			isa = PBXGroup;
			children = (
				4C83121E2245E1C500B4B33E /* ContentGroupAPI.swift */,
			);
			name = ContentGroup;
			sourceTree = "<group>";
		};
		4C8312242249B3E800B4B33E /* BaaS */ = {
			isa = PBXGroup;
			children = (
				4C8312252249B3FF00B4B33E /* BaaSAPI.swift */,
			);
			name = BaaS;
			sourceTree = "<group>";
		};
		4CCB87592266CF9C00D65A65 /* Demo_Swift */ = {
			isa = PBXGroup;
			children = (
				4CCB875A2266CF9C00D65A65 /* AppDelegate.swift */,
				4CCB875C2266CF9C00D65A65 /* ViewController.swift */,
				4CCB87872266D52100D65A65 /* 1.png */,
				4CCB87862266D52000D65A65 /* datasource.plist */,
				4CCB875E2266CF9C00D65A65 /* Main.storyboard */,
				4CCB87612266CF9D00D65A65 /* Assets.xcassets */,
				4CCB87632266CF9D00D65A65 /* LaunchScreen.storyboard */,
				4CCB87662266CF9D00D65A65 /* Info.plist */,
				4C4D316A22670AF1001EFA7D /* video.mp4 */,
			);
			path = Demo_Swift;
			sourceTree = "<group>";
		};
		4CCB876F2266CFAB00D65A65 /* Demo_OC */ = {
			isa = PBXGroup;
			children = (
				4CCB87702266CFAB00D65A65 /* AppDelegate.h */,
				4CCB87712266CFAB00D65A65 /* AppDelegate.m */,
				4CCB87732266CFAB00D65A65 /* ViewController.h */,
				4CCB87742266CFAB00D65A65 /* ViewController.m */,
				4CCB87762266CFAB00D65A65 /* Main.storyboard */,
				4CCB87792266CFAB00D65A65 /* Assets.xcassets */,
				4CCB877B2266CFAB00D65A65 /* LaunchScreen.storyboard */,
				4CCB877E2266CFAB00D65A65 /* Info.plist */,
				4CCB877F2266CFAB00D65A65 /* main.m */,
				4C4D31682266FCF1001EFA7D /* datasource.plist */,
			);
			path = Demo_OC;
			sourceTree = "<group>";
		};
		4CE2BCF52242282B0008211C /* Utils */ = {
			isa = PBXGroup;
			children = (
				4CE2BCF822422A960008211C /* NSDictionary+Convenient.swift */,
			);
			name = Utils;
			sourceTree = "<group>";
		};
		4CEC28E4228A6EA600E9F606 /* Pay */ = {
			isa = PBXGroup;
			children = (
				4CEC28E5228A6F7700E9F606 /* PayAPI.swift */,
			);
			name = Pay;
			sourceTree = "<group>";
		};
		4CEC28E7228A721C00E9F606 /* Pay */ = {
			isa = PBXGroup;
			children = (
				4CEC28E8228A728C00E9F606 /* Pay.swift */,
				4CED591522967CEF00949503 /* Order.swift */,
			);
			name = Pay;
			sourceTree = "<group>";
		};
/* End PBXGroup section */

/* Begin PBXHeadersBuildPhase section */
		4C33A579223F4E850001C1A7 /* Headers */ = {
			isa = PBXHeadersBuildPhase;
			buildActionMask = 2147483647;
			files = (
			);
			runOnlyForDeploymentPostprocessing = 0;
		};
/* End PBXHeadersBuildPhase section */

/* Begin PBXNativeTarget section */
		4C33A57D223F4E850001C1A7 /* MinCloud */ = {
			isa = PBXNativeTarget;
			buildConfigurationList = 4C33A592223F4E850001C1A7 /* Build configuration list for PBXNativeTarget "MinCloud" */;
			buildPhases = (
				245A099406CF49D0976A123A /* [CP] Check Pods Manifest.lock */,
				4C33A579223F4E850001C1A7 /* Headers */,
				4C33A57A223F4E850001C1A7 /* Sources */,
				4C33A57B223F4E850001C1A7 /* Frameworks */,
				4C33A57C223F4E850001C1A7 /* Resources */,
				4C33A5E922409BE60001C1A7 /* ShellScript */,
				92F9A7334CC96365254E0DE4 /* [CP] Copy Pods Resources */,
			);
			buildRules = (
			);
			dependencies = (
			);
			name = MinCloud;
			productName = MinCloud;
			productReference = 4C33A57E223F4E850001C1A7 /* MinCloud.framework */;
			productType = "com.apple.product-type.framework";
		};
		4C33A586223F4E850001C1A7 /* MinCloudTests */ = {
			isa = PBXNativeTarget;
			buildConfigurationList = 4C33A595223F4E850001C1A7 /* Build configuration list for PBXNativeTarget "MinCloudTests" */;
			buildPhases = (
				5BA50BC213E2BCD4670314DC /* [CP] Check Pods Manifest.lock */,
				4C33A583223F4E850001C1A7 /* Sources */,
				4C33A584223F4E850001C1A7 /* Frameworks */,
				4C33A585223F4E850001C1A7 /* Resources */,
				49372C2D4D9B3F7743350EEB /* [CP] Embed Pods Frameworks */,
				1957A9F52CE121B522B6C9A3 /* [CP] Copy Pods Resources */,
			);
			buildRules = (
			);
			dependencies = (
				4C33A58A223F4E850001C1A7 /* PBXTargetDependency */,
			);
			name = MinCloudTests;
			productName = MinCloudTests;
			productReference = 4C33A587223F4E850001C1A7 /* MinCloudTests.xctest */;
			productType = "com.apple.product-type.bundle.unit-test";
		};
		4CCB87572266CF9C00D65A65 /* Demo_Swift */ = {
			isa = PBXNativeTarget;
			buildConfigurationList = 4CCB87692266CF9D00D65A65 /* Build configuration list for PBXNativeTarget "Demo_Swift" */;
			buildPhases = (
				5BA75C3A5DC94E541F613D0D /* [CP] Check Pods Manifest.lock */,
				4CCB87542266CF9C00D65A65 /* Sources */,
				4CCB87552266CF9C00D65A65 /* Frameworks */,
				4CCB87562266CF9C00D65A65 /* Resources */,
				C74654C2308759E9F18C1056 /* [CP] Embed Pods Frameworks */,
				4CED59132293E4C500949503 /* CopyFiles */,
				EFDF9F1E985FA4C853305C6C /* [CP] Copy Pods Resources */,
			);
			buildRules = (
			);
			dependencies = (
			);
			name = Demo_Swift;
			productName = Demo_Swift;
			productReference = 4CCB87582266CF9C00D65A65 /* Demo_Swift.app */;
			productType = "com.apple.product-type.application";
		};
		4CCB876D2266CFAB00D65A65 /* Demo_OC */ = {
			isa = PBXNativeTarget;
			buildConfigurationList = 4CCB87812266CFAB00D65A65 /* Build configuration list for PBXNativeTarget "Demo_OC" */;
			buildPhases = (
				0EA3C2E285C56FB589B68788 /* [CP] Check Pods Manifest.lock */,
				4CCB876A2266CFAB00D65A65 /* Sources */,
				4CCB876B2266CFAB00D65A65 /* Frameworks */,
				4CCB876C2266CFAB00D65A65 /* Resources */,
				36464E0F946065741DE8B994 /* [CP] Embed Pods Frameworks */,
				0CAE6D0BA2685C90C307387B /* [CP] Copy Pods Resources */,
				4C15F12422A51CB100904B9A /* CopyFiles */,
			);
			buildRules = (
			);
			dependencies = (
			);
			name = Demo_OC;
			productName = Demo_OC;
			productReference = 4CCB876E2266CFAB00D65A65 /* Demo_OC.app */;
			productType = "com.apple.product-type.application";
		};
/* End PBXNativeTarget section */

/* Begin PBXProject section */
		4C33A575223F4E850001C1A7 /* Project object */ = {
			isa = PBXProject;
			attributes = {
				LastSwiftUpdateCheck = 1010;
				LastUpgradeCheck = 1010;
				ORGANIZATIONNAME = ifanr;
				TargetAttributes = {
					4C33A57D223F4E850001C1A7 = {
						CreatedOnToolsVersion = 10.1;
						LastSwiftMigration = 1020;
					};
					4C33A586223F4E850001C1A7 = {
						CreatedOnToolsVersion = 10.1;
					};
					4CCB87572266CF9C00D65A65 = {
						CreatedOnToolsVersion = 10.1;
						LastSwiftMigration = 1020;
					};
					4CCB876D2266CFAB00D65A65 = {
						CreatedOnToolsVersion = 10.1;
					};
				};
			};
			buildConfigurationList = 4C33A578223F4E850001C1A7 /* Build configuration list for PBXProject "MinCloud" */;
			compatibilityVersion = "Xcode 9.3";
			developmentRegion = en;
			hasScannedForEncodings = 0;
			knownRegions = (
				en,
				Base,
			);
			mainGroup = 4C33A574223F4E850001C1A7;
			productRefGroup = 4C33A57F223F4E850001C1A7 /* Products */;
			projectDirPath = "";
			projectRoot = "";
			targets = (
				4C33A57D223F4E850001C1A7 /* MinCloud */,
				4C33A586223F4E850001C1A7 /* MinCloudTests */,
				4CCB87572266CF9C00D65A65 /* Demo_Swift */,
				4CCB876D2266CFAB00D65A65 /* Demo_OC */,
			);
		};
/* End PBXProject section */

/* Begin PBXResourcesBuildPhase section */
		4C33A57C223F4E850001C1A7 /* Resources */ = {
			isa = PBXResourcesBuildPhase;
			buildActionMask = 2147483647;
			files = (
			);
			runOnlyForDeploymentPostprocessing = 0;
		};
		4C33A585223F4E850001C1A7 /* Resources */ = {
			isa = PBXResourcesBuildPhase;
			buildActionMask = 2147483647;
			files = (
				4CEFC08A225EB67400C9238C /* testcase.plist in Resources */,
				4CAEF96D225F0F5100C8A84B /* 1.png in Resources */,
			);
			runOnlyForDeploymentPostprocessing = 0;
		};
		4CCB87562266CF9C00D65A65 /* Resources */ = {
			isa = PBXResourcesBuildPhase;
			buildActionMask = 2147483647;
			files = (
				4CCB87652266CF9D00D65A65 /* LaunchScreen.storyboard in Resources */,
				4C4D316B22670AF1001EFA7D /* video.mp4 in Resources */,
				4CCB87882266D52100D65A65 /* datasource.plist in Resources */,
				4CCB87622266CF9D00D65A65 /* Assets.xcassets in Resources */,
				4CCB87602266CF9C00D65A65 /* Main.storyboard in Resources */,
				4CCB87892266D52100D65A65 /* 1.png in Resources */,
			);
			runOnlyForDeploymentPostprocessing = 0;
		};
		4CCB876C2266CFAB00D65A65 /* Resources */ = {
			isa = PBXResourcesBuildPhase;
			buildActionMask = 2147483647;
			files = (
				4CCB877D2266CFAB00D65A65 /* LaunchScreen.storyboard in Resources */,
				4C4D31692266FCF1001EFA7D /* datasource.plist in Resources */,
				4CCB877A2266CFAB00D65A65 /* Assets.xcassets in Resources */,
				4CCB87782266CFAB00D65A65 /* Main.storyboard in Resources */,
			);
			runOnlyForDeploymentPostprocessing = 0;
		};
/* End PBXResourcesBuildPhase section */

/* Begin PBXShellScriptBuildPhase section */
		0CAE6D0BA2685C90C307387B /* [CP] Copy Pods Resources */ = {
			isa = PBXShellScriptBuildPhase;
			buildActionMask = 2147483647;
			files = (
			);
			inputFileListPaths = (
				"${PODS_ROOT}/Target Support Files/Pods-Demo_OC/Pods-Demo_OC-resources-${CONFIGURATION}-input-files.xcfilelist",
			);
			name = "[CP] Copy Pods Resources";
			outputFileListPaths = (
				"${PODS_ROOT}/Target Support Files/Pods-Demo_OC/Pods-Demo_OC-resources-${CONFIGURATION}-output-files.xcfilelist",
			);
			runOnlyForDeploymentPostprocessing = 0;
			shellPath = /bin/sh;
			shellScript = "\"${PODS_ROOT}/Target Support Files/Pods-Demo_OC/Pods-Demo_OC-resources.sh\"\n";
			showEnvVarsInLog = 0;
		};
		0EA3C2E285C56FB589B68788 /* [CP] Check Pods Manifest.lock */ = {
			isa = PBXShellScriptBuildPhase;
			buildActionMask = 2147483647;
			files = (
			);
			inputFileListPaths = (
			);
			inputPaths = (
				"${PODS_PODFILE_DIR_PATH}/Podfile.lock",
				"${PODS_ROOT}/Manifest.lock",
			);
			name = "[CP] Check Pods Manifest.lock";
			outputFileListPaths = (
			);
			outputPaths = (
				"$(DERIVED_FILE_DIR)/Pods-Demo_OC-checkManifestLockResult.txt",
			);
			runOnlyForDeploymentPostprocessing = 0;
			shellPath = /bin/sh;
			shellScript = "diff \"${PODS_PODFILE_DIR_PATH}/Podfile.lock\" \"${PODS_ROOT}/Manifest.lock\" > /dev/null\nif [ $? != 0 ] ; then\n    # print error to STDERR\n    echo \"error: The sandbox is not in sync with the Podfile.lock. Run 'pod install' or update your CocoaPods installation.\" >&2\n    exit 1\nfi\n# This output is used by Xcode 'outputs' to avoid re-running this script phase.\necho \"SUCCESS\" > \"${SCRIPT_OUTPUT_FILE_0}\"\n";
			showEnvVarsInLog = 0;
		};
		1957A9F52CE121B522B6C9A3 /* [CP] Copy Pods Resources */ = {
			isa = PBXShellScriptBuildPhase;
			buildActionMask = 2147483647;
			files = (
			);
			inputFileListPaths = (
				"${PODS_ROOT}/Target Support Files/Pods-MinCloudTests/Pods-MinCloudTests-resources-${CONFIGURATION}-input-files.xcfilelist",
			);
			name = "[CP] Copy Pods Resources";
			outputFileListPaths = (
				"${PODS_ROOT}/Target Support Files/Pods-MinCloudTests/Pods-MinCloudTests-resources-${CONFIGURATION}-output-files.xcfilelist",
			);
			runOnlyForDeploymentPostprocessing = 0;
			shellPath = /bin/sh;
			shellScript = "\"${PODS_ROOT}/Target Support Files/Pods-MinCloudTests/Pods-MinCloudTests-resources.sh\"\n";
			showEnvVarsInLog = 0;
		};
		245A099406CF49D0976A123A /* [CP] Check Pods Manifest.lock */ = {
			isa = PBXShellScriptBuildPhase;
			buildActionMask = 2147483647;
			files = (
			);
			inputFileListPaths = (
			);
			inputPaths = (
				"${PODS_PODFILE_DIR_PATH}/Podfile.lock",
				"${PODS_ROOT}/Manifest.lock",
			);
			name = "[CP] Check Pods Manifest.lock";
			outputFileListPaths = (
			);
			outputPaths = (
				"$(DERIVED_FILE_DIR)/Pods-MinCloud-checkManifestLockResult.txt",
			);
			runOnlyForDeploymentPostprocessing = 0;
			shellPath = /bin/sh;
			shellScript = "diff \"${PODS_PODFILE_DIR_PATH}/Podfile.lock\" \"${PODS_ROOT}/Manifest.lock\" > /dev/null\nif [ $? != 0 ] ; then\n    # print error to STDERR\n    echo \"error: The sandbox is not in sync with the Podfile.lock. Run 'pod install' or update your CocoaPods installation.\" >&2\n    exit 1\nfi\n# This output is used by Xcode 'outputs' to avoid re-running this script phase.\necho \"SUCCESS\" > \"${SCRIPT_OUTPUT_FILE_0}\"\n";
			showEnvVarsInLog = 0;
		};
		36464E0F946065741DE8B994 /* [CP] Embed Pods Frameworks */ = {
			isa = PBXShellScriptBuildPhase;
			buildActionMask = 2147483647;
			files = (
			);
			inputFileListPaths = (
				"${PODS_ROOT}/Target Support Files/Pods-Demo_OC/Pods-Demo_OC-frameworks-${CONFIGURATION}-input-files.xcfilelist",
			);
			name = "[CP] Embed Pods Frameworks";
			outputFileListPaths = (
				"${PODS_ROOT}/Target Support Files/Pods-Demo_OC/Pods-Demo_OC-frameworks-${CONFIGURATION}-output-files.xcfilelist",
			);
			runOnlyForDeploymentPostprocessing = 0;
			shellPath = /bin/sh;
			shellScript = "\"${PODS_ROOT}/Target Support Files/Pods-Demo_OC/Pods-Demo_OC-frameworks.sh\"\n";
			showEnvVarsInLog = 0;
		};
		49372C2D4D9B3F7743350EEB /* [CP] Embed Pods Frameworks */ = {
			isa = PBXShellScriptBuildPhase;
			buildActionMask = 2147483647;
			files = (
			);
			inputFileListPaths = (
				"${PODS_ROOT}/Target Support Files/Pods-MinCloudTests/Pods-MinCloudTests-frameworks-${CONFIGURATION}-input-files.xcfilelist",
			);
			name = "[CP] Embed Pods Frameworks";
			outputFileListPaths = (
				"${PODS_ROOT}/Target Support Files/Pods-MinCloudTests/Pods-MinCloudTests-frameworks-${CONFIGURATION}-output-files.xcfilelist",
			);
			runOnlyForDeploymentPostprocessing = 0;
			shellPath = /bin/sh;
			shellScript = "\"${PODS_ROOT}/Target Support Files/Pods-MinCloudTests/Pods-MinCloudTests-frameworks.sh\"\n";
			showEnvVarsInLog = 0;
		};
		4C33A5E922409BE60001C1A7 /* ShellScript */ = {
			isa = PBXShellScriptBuildPhase;
			buildActionMask = 2147483647;
			files = (
			);
			inputFileListPaths = (
			);
			inputPaths = (
			);
			outputFileListPaths = (
			);
			outputPaths = (
			);
			runOnlyForDeploymentPostprocessing = 0;
			shellPath = /bin/sh;
			shellScript = "if which swiftlint >/dev/null; then\nswiftlint\nelse\necho \"warning: SwiftLint not installed, download from https://github.com/realm/SwiftLint\"\nfi\n";
		};
		5BA50BC213E2BCD4670314DC /* [CP] Check Pods Manifest.lock */ = {
			isa = PBXShellScriptBuildPhase;
			buildActionMask = 2147483647;
			files = (
			);
			inputFileListPaths = (
			);
			inputPaths = (
				"${PODS_PODFILE_DIR_PATH}/Podfile.lock",
				"${PODS_ROOT}/Manifest.lock",
			);
			name = "[CP] Check Pods Manifest.lock";
			outputFileListPaths = (
			);
			outputPaths = (
				"$(DERIVED_FILE_DIR)/Pods-MinCloudTests-checkManifestLockResult.txt",
			);
			runOnlyForDeploymentPostprocessing = 0;
			shellPath = /bin/sh;
			shellScript = "diff \"${PODS_PODFILE_DIR_PATH}/Podfile.lock\" \"${PODS_ROOT}/Manifest.lock\" > /dev/null\nif [ $? != 0 ] ; then\n    # print error to STDERR\n    echo \"error: The sandbox is not in sync with the Podfile.lock. Run 'pod install' or update your CocoaPods installation.\" >&2\n    exit 1\nfi\n# This output is used by Xcode 'outputs' to avoid re-running this script phase.\necho \"SUCCESS\" > \"${SCRIPT_OUTPUT_FILE_0}\"\n";
			showEnvVarsInLog = 0;
		};
		5BA75C3A5DC94E541F613D0D /* [CP] Check Pods Manifest.lock */ = {
			isa = PBXShellScriptBuildPhase;
			buildActionMask = 2147483647;
			files = (
			);
			inputFileListPaths = (
			);
			inputPaths = (
				"${PODS_PODFILE_DIR_PATH}/Podfile.lock",
				"${PODS_ROOT}/Manifest.lock",
			);
			name = "[CP] Check Pods Manifest.lock";
			outputFileListPaths = (
			);
			outputPaths = (
				"$(DERIVED_FILE_DIR)/Pods-Demo_Swift-checkManifestLockResult.txt",
			);
			runOnlyForDeploymentPostprocessing = 0;
			shellPath = /bin/sh;
			shellScript = "diff \"${PODS_PODFILE_DIR_PATH}/Podfile.lock\" \"${PODS_ROOT}/Manifest.lock\" > /dev/null\nif [ $? != 0 ] ; then\n    # print error to STDERR\n    echo \"error: The sandbox is not in sync with the Podfile.lock. Run 'pod install' or update your CocoaPods installation.\" >&2\n    exit 1\nfi\n# This output is used by Xcode 'outputs' to avoid re-running this script phase.\necho \"SUCCESS\" > \"${SCRIPT_OUTPUT_FILE_0}\"\n";
			showEnvVarsInLog = 0;
		};
		92F9A7334CC96365254E0DE4 /* [CP] Copy Pods Resources */ = {
			isa = PBXShellScriptBuildPhase;
			buildActionMask = 2147483647;
			files = (
			);
			inputFileListPaths = (
				"${PODS_ROOT}/Target Support Files/Pods-MinCloud/Pods-MinCloud-resources-${CONFIGURATION}-input-files.xcfilelist",
			);
			name = "[CP] Copy Pods Resources";
			outputFileListPaths = (
				"${PODS_ROOT}/Target Support Files/Pods-MinCloud/Pods-MinCloud-resources-${CONFIGURATION}-output-files.xcfilelist",
			);
			runOnlyForDeploymentPostprocessing = 0;
			shellPath = /bin/sh;
			shellScript = "\"${PODS_ROOT}/Target Support Files/Pods-MinCloud/Pods-MinCloud-resources.sh\"\n";
			showEnvVarsInLog = 0;
		};
		C74654C2308759E9F18C1056 /* [CP] Embed Pods Frameworks */ = {
			isa = PBXShellScriptBuildPhase;
			buildActionMask = 2147483647;
			files = (
			);
			inputFileListPaths = (
				"${PODS_ROOT}/Target Support Files/Pods-Demo_Swift/Pods-Demo_Swift-frameworks-${CONFIGURATION}-input-files.xcfilelist",
			);
			name = "[CP] Embed Pods Frameworks";
			outputFileListPaths = (
				"${PODS_ROOT}/Target Support Files/Pods-Demo_Swift/Pods-Demo_Swift-frameworks-${CONFIGURATION}-output-files.xcfilelist",
			);
			runOnlyForDeploymentPostprocessing = 0;
			shellPath = /bin/sh;
			shellScript = "\"${PODS_ROOT}/Target Support Files/Pods-Demo_Swift/Pods-Demo_Swift-frameworks.sh\"\n";
			showEnvVarsInLog = 0;
		};
		EFDF9F1E985FA4C853305C6C /* [CP] Copy Pods Resources */ = {
			isa = PBXShellScriptBuildPhase;
			buildActionMask = 2147483647;
			files = (
			);
			inputFileListPaths = (
				"${PODS_ROOT}/Target Support Files/Pods-Demo_Swift/Pods-Demo_Swift-resources-${CONFIGURATION}-input-files.xcfilelist",
			);
			name = "[CP] Copy Pods Resources";
			outputFileListPaths = (
				"${PODS_ROOT}/Target Support Files/Pods-Demo_Swift/Pods-Demo_Swift-resources-${CONFIGURATION}-output-files.xcfilelist",
			);
			runOnlyForDeploymentPostprocessing = 0;
			shellPath = /bin/sh;
			shellScript = "\"${PODS_ROOT}/Target Support Files/Pods-Demo_Swift/Pods-Demo_Swift-resources.sh\"\n";
			showEnvVarsInLog = 0;
		};
/* End PBXShellScriptBuildPhase section */

/* Begin PBXSourcesBuildPhase section */
		4C33A57A223F4E850001C1A7 /* Sources */ = {
			isa = PBXSourcesBuildPhase;
			buildActionMask = 2147483647;
			files = (
				4C33A5F22240E7A40001C1A7 /* Where.swift in Sources */,
				4C831211224477E700B4B33E /* TableAPI.swift in Sources */,
				4C33A5A5223F6B2F0001C1A7 /* AuthAPI.swift in Sources */,
				4CEFC088225E594C00C9238C /* RequestCanceller.swift in Sources */,
				4C8312232248EB2900B4B33E /* FileCategory.swift in Sources */,
				4C33A5FD2241338C0001C1A7 /* Record.swift in Sources */,
				4C33A5DA223F919F0001C1A7 /* Config.swift in Sources */,
				4CEFC086225D760F00C9238C /* ListResult.swift in Sources */,
				4C8312172245D70100B4B33E /* File.swift in Sources */,
				4CEEBC0E224CEE1D007511E0 /* ContentCategory.swift in Sources */,
				4C86C72B225CC8740040C042 /* User.swift in Sources */,
				4CEC28E6228A6F7700E9F606 /* PayAPI.swift in Sources */,
				4CBD3C7B224C5D0100F0E0F2 /* ResultHandler.swift in Sources */,
				4CF1BACC224B81720000CF54 /* Content.swift in Sources */,
				4C8312132244F16000B4B33E /* GeoPoint.swift in Sources */,
				4C8312192245D71D00B4B33E /* FileAPI.swift in Sources */,
				4C33A5E0223F9BCD0001C1A7 /* BaaS.swift in Sources */,
				4C33A5F62240EAA00001C1A7 /* UserAPI.swift in Sources */,
				4C33A5A9223F6D480001C1A7 /* Auth.swift in Sources */,
				4C33A5FB224130950001C1A7 /* Table.swift in Sources */,
				4CED591622967CEF00949503 /* Order.swift in Sources */,
				4C33A5F82240EFE70001C1A7 /* CurrentUser.swift in Sources */,
				4CEC28E9228A728C00E9F606 /* Pay.swift in Sources */,
				4CEFC084225CEC1000C9238C /* Storage.swift in Sources */,
				4C33A5E4223FA9BE0001C1A7 /* HError.swift in Sources */,
				4C8312152245D2C500B4B33E /* TableRecordAPI.swift in Sources */,
				4C8312262249B3FF00B4B33E /* BaaSAPI.swift in Sources */,
				4C33A5F02240E77A0001C1A7 /* Query.swift in Sources */,
				4C83121F2245E1C500B4B33E /* ContentGroupAPI.swift in Sources */,
				4C33A5E2223FA8B10001C1A7 /* Constants.swift in Sources */,
				4C33A5F42240E8A30001C1A7 /* BaseRecord.swift in Sources */,
				4CEEBC0C224CD087007511E0 /* FileManager.swift in Sources */,
				4CE2BCF922422A960008211C /* NSDictionary+Convenient.swift in Sources */,
				4C83121C2245E0FC00B4B33E /* ContentGroup.swift in Sources */,
			);
			runOnlyForDeploymentPostprocessing = 0;
		};
		4C33A583223F4E850001C1A7 /* Sources */ = {
			isa = PBXSourcesBuildPhase;
			buildActionMask = 2147483647;
			files = (
				4CEFC090225EB94800C9238C /* CurrentUserTests.swift in Sources */,
				4CEFC092225ED80600C9238C /* TableTestCase.swift in Sources */,
				4CAEF96B225F011300C8A84B /* FileTestCase.swift in Sources */,
				4C33A5E8224082900001C1A7 /* MinCloudTests.swift in Sources */,
				4CF88424227000910071B2EA /* BaaSTestCase.swift in Sources */,
				4CAEF969225EF17B00C8A84B /* ContentTestCase.swift in Sources */,
			);
			runOnlyForDeploymentPostprocessing = 0;
		};
		4CCB87542266CF9C00D65A65 /* Sources */ = {
			isa = PBXSourcesBuildPhase;
			buildActionMask = 2147483647;
			files = (
				4CCB875D2266CF9C00D65A65 /* ViewController.swift in Sources */,
				4CCB875B2266CF9C00D65A65 /* AppDelegate.swift in Sources */,
			);
			runOnlyForDeploymentPostprocessing = 0;
		};
		4CCB876A2266CFAB00D65A65 /* Sources */ = {
			isa = PBXSourcesBuildPhase;
			buildActionMask = 2147483647;
			files = (
				4CCB87752266CFAB00D65A65 /* ViewController.m in Sources */,
				4CCB87802266CFAB00D65A65 /* main.m in Sources */,
				4CCB87722266CFAB00D65A65 /* AppDelegate.m in Sources */,
			);
			runOnlyForDeploymentPostprocessing = 0;
		};
/* End PBXSourcesBuildPhase section */

/* Begin PBXTargetDependency section */
		4C33A58A223F4E850001C1A7 /* PBXTargetDependency */ = {
			isa = PBXTargetDependency;
			target = 4C33A57D223F4E850001C1A7 /* MinCloud */;
			targetProxy = 4C33A589223F4E850001C1A7 /* PBXContainerItemProxy */;
		};
/* End PBXTargetDependency section */

/* Begin PBXVariantGroup section */
		4CCB875E2266CF9C00D65A65 /* Main.storyboard */ = {
			isa = PBXVariantGroup;
			children = (
				4CCB875F2266CF9C00D65A65 /* Base */,
			);
			name = Main.storyboard;
			sourceTree = "<group>";
		};
		4CCB87632266CF9D00D65A65 /* LaunchScreen.storyboard */ = {
			isa = PBXVariantGroup;
			children = (
				4CCB87642266CF9D00D65A65 /* Base */,
			);
			name = LaunchScreen.storyboard;
			sourceTree = "<group>";
		};
		4CCB87762266CFAB00D65A65 /* Main.storyboard */ = {
			isa = PBXVariantGroup;
			children = (
				4CCB87772266CFAB00D65A65 /* Base */,
			);
			name = Main.storyboard;
			sourceTree = "<group>";
		};
		4CCB877B2266CFAB00D65A65 /* LaunchScreen.storyboard */ = {
			isa = PBXVariantGroup;
			children = (
				4CCB877C2266CFAB00D65A65 /* Base */,
			);
			name = LaunchScreen.storyboard;
			sourceTree = "<group>";
		};
/* End PBXVariantGroup section */

/* Begin XCBuildConfiguration section */
		4C33A590223F4E850001C1A7 /* Debug */ = {
			isa = XCBuildConfiguration;
			buildSettings = {
				ALWAYS_SEARCH_USER_PATHS = NO;
				CLANG_ANALYZER_NONNULL = YES;
				CLANG_ANALYZER_NUMBER_OBJECT_CONVERSION = YES_AGGRESSIVE;
				CLANG_CXX_LANGUAGE_STANDARD = "gnu++14";
				CLANG_CXX_LIBRARY = "libc++";
				CLANG_ENABLE_MODULES = YES;
				CLANG_ENABLE_OBJC_ARC = YES;
				CLANG_ENABLE_OBJC_WEAK = YES;
				CLANG_WARN_BLOCK_CAPTURE_AUTORELEASING = YES;
				CLANG_WARN_BOOL_CONVERSION = YES;
				CLANG_WARN_COMMA = YES;
				CLANG_WARN_CONSTANT_CONVERSION = YES;
				CLANG_WARN_DEPRECATED_OBJC_IMPLEMENTATIONS = YES;
				CLANG_WARN_DIRECT_OBJC_ISA_USAGE = YES_ERROR;
				CLANG_WARN_DOCUMENTATION_COMMENTS = YES;
				CLANG_WARN_EMPTY_BODY = YES;
				CLANG_WARN_ENUM_CONVERSION = YES;
				CLANG_WARN_INFINITE_RECURSION = YES;
				CLANG_WARN_INT_CONVERSION = YES;
				CLANG_WARN_NON_LITERAL_NULL_CONVERSION = YES;
				CLANG_WARN_OBJC_IMPLICIT_RETAIN_SELF = YES;
				CLANG_WARN_OBJC_LITERAL_CONVERSION = YES;
				CLANG_WARN_OBJC_ROOT_CLASS = YES_ERROR;
				CLANG_WARN_RANGE_LOOP_ANALYSIS = YES;
				CLANG_WARN_STRICT_PROTOTYPES = YES;
				CLANG_WARN_SUSPICIOUS_MOVE = YES;
				CLANG_WARN_UNGUARDED_AVAILABILITY = YES_AGGRESSIVE;
				CLANG_WARN_UNREACHABLE_CODE = YES;
				CLANG_WARN__DUPLICATE_METHOD_MATCH = YES;
				CODE_SIGN_IDENTITY = "iPhone Developer";
				COPY_PHASE_STRIP = NO;
				CURRENT_PROJECT_VERSION = 15;
				DEBUG_INFORMATION_FORMAT = dwarf;
				ENABLE_STRICT_OBJC_MSGSEND = YES;
				ENABLE_TESTABILITY = YES;
				GCC_C_LANGUAGE_STANDARD = gnu11;
				GCC_DYNAMIC_NO_PIC = NO;
				GCC_NO_COMMON_BLOCKS = YES;
				GCC_OPTIMIZATION_LEVEL = 0;
				GCC_PREPROCESSOR_DEFINITIONS = (
					"DEBUG=1",
					"$(inherited)",
				);
				GCC_WARN_64_TO_32_BIT_CONVERSION = YES;
				GCC_WARN_ABOUT_RETURN_TYPE = YES_ERROR;
				GCC_WARN_UNDECLARED_SELECTOR = YES;
				GCC_WARN_UNINITIALIZED_AUTOS = YES_AGGRESSIVE;
				GCC_WARN_UNUSED_FUNCTION = YES;
				GCC_WARN_UNUSED_VARIABLE = YES;
				IPHONEOS_DEPLOYMENT_TARGET = 9.0;
				MTL_ENABLE_DEBUG_INFO = INCLUDE_SOURCE;
				MTL_FAST_MATH = YES;
				ONLY_ACTIVE_ARCH = YES;
				SDKROOT = iphoneos;
				SWIFT_ACTIVE_COMPILATION_CONDITIONS = DEBUG;
				SWIFT_OPTIMIZATION_LEVEL = "-Onone";
				SWIFT_VERSION = 4.2;
				VERSIONING_SYSTEM = "apple-generic";
				VERSION_INFO_PREFIX = "";
			};
			name = Debug;
		};
		4C33A591223F4E850001C1A7 /* Release */ = {
			isa = XCBuildConfiguration;
			buildSettings = {
				ALWAYS_SEARCH_USER_PATHS = NO;
				CLANG_ANALYZER_NONNULL = YES;
				CLANG_ANALYZER_NUMBER_OBJECT_CONVERSION = YES_AGGRESSIVE;
				CLANG_CXX_LANGUAGE_STANDARD = "gnu++14";
				CLANG_CXX_LIBRARY = "libc++";
				CLANG_ENABLE_MODULES = YES;
				CLANG_ENABLE_OBJC_ARC = YES;
				CLANG_ENABLE_OBJC_WEAK = YES;
				CLANG_WARN_BLOCK_CAPTURE_AUTORELEASING = YES;
				CLANG_WARN_BOOL_CONVERSION = YES;
				CLANG_WARN_COMMA = YES;
				CLANG_WARN_CONSTANT_CONVERSION = YES;
				CLANG_WARN_DEPRECATED_OBJC_IMPLEMENTATIONS = YES;
				CLANG_WARN_DIRECT_OBJC_ISA_USAGE = YES_ERROR;
				CLANG_WARN_DOCUMENTATION_COMMENTS = YES;
				CLANG_WARN_EMPTY_BODY = YES;
				CLANG_WARN_ENUM_CONVERSION = YES;
				CLANG_WARN_INFINITE_RECURSION = YES;
				CLANG_WARN_INT_CONVERSION = YES;
				CLANG_WARN_NON_LITERAL_NULL_CONVERSION = YES;
				CLANG_WARN_OBJC_IMPLICIT_RETAIN_SELF = YES;
				CLANG_WARN_OBJC_LITERAL_CONVERSION = YES;
				CLANG_WARN_OBJC_ROOT_CLASS = YES_ERROR;
				CLANG_WARN_RANGE_LOOP_ANALYSIS = YES;
				CLANG_WARN_STRICT_PROTOTYPES = YES;
				CLANG_WARN_SUSPICIOUS_MOVE = YES;
				CLANG_WARN_UNGUARDED_AVAILABILITY = YES_AGGRESSIVE;
				CLANG_WARN_UNREACHABLE_CODE = YES;
				CLANG_WARN__DUPLICATE_METHOD_MATCH = YES;
				CODE_SIGN_IDENTITY = "iPhone Developer";
				COPY_PHASE_STRIP = NO;
				CURRENT_PROJECT_VERSION = 15;
				DEBUG_INFORMATION_FORMAT = "dwarf-with-dsym";
				ENABLE_NS_ASSERTIONS = NO;
				ENABLE_STRICT_OBJC_MSGSEND = YES;
				GCC_C_LANGUAGE_STANDARD = gnu11;
				GCC_NO_COMMON_BLOCKS = YES;
				GCC_WARN_64_TO_32_BIT_CONVERSION = YES;
				GCC_WARN_ABOUT_RETURN_TYPE = YES_ERROR;
				GCC_WARN_UNDECLARED_SELECTOR = YES;
				GCC_WARN_UNINITIALIZED_AUTOS = YES_AGGRESSIVE;
				GCC_WARN_UNUSED_FUNCTION = YES;
				GCC_WARN_UNUSED_VARIABLE = YES;
				IPHONEOS_DEPLOYMENT_TARGET = 9.0;
				MTL_ENABLE_DEBUG_INFO = NO;
				MTL_FAST_MATH = YES;
				SDKROOT = iphoneos;
				SWIFT_COMPILATION_MODE = wholemodule;
				SWIFT_OPTIMIZATION_LEVEL = "-O";
				SWIFT_VERSION = 4.2;
				VALIDATE_PRODUCT = YES;
				VERSIONING_SYSTEM = "apple-generic";
				VERSION_INFO_PREFIX = "";
			};
			name = Release;
		};
		4C33A593223F4E850001C1A7 /* Debug */ = {
			isa = XCBuildConfiguration;
			baseConfigurationReference = B32BE11E5B58A524B35322F2 /* Pods-MinCloud.debug.xcconfig */;
			buildSettings = {
				CLANG_ENABLE_MODULES = YES;
				CODE_SIGN_IDENTITY = "";
				CODE_SIGN_STYLE = Automatic;
				DEFINES_MODULE = YES;
				DEVELOPMENT_TEAM = 3QQR699W45;
				DYLIB_COMPATIBILITY_VERSION = 1;
				DYLIB_CURRENT_VERSION = 15;
				DYLIB_INSTALL_NAME_BASE = "@rpath";
				INFOPLIST_FILE = MinCloud/Info.plist;
				INSTALL_PATH = "$(LOCAL_LIBRARY_DIR)/Frameworks";
				IPHONEOS_DEPLOYMENT_TARGET = 9.0;
				LD_RUNPATH_SEARCH_PATHS = (
					"$(inherited)",
					"@executable_path/Frameworks",
					"@loader_path/Frameworks",
				);
				OTHER_SWIFT_FLAGS = "$(inherited) \"-D\" \"COCOAPODS\" -D DEBUG";
				PRODUCT_BUNDLE_IDENTIFIER = com.ifanr.MinCloud;
				PRODUCT_NAME = "$(TARGET_NAME:c99extidentifier)";
				SKIP_INSTALL = YES;
				SWIFT_OBJC_BRIDGING_HEADER = "$(PROJECT_DIR)/MinCloud/MinCloud-Bridging-Header.h";
				SWIFT_OPTIMIZATION_LEVEL = "-Onone";
				SWIFT_VERSION = 5.0;
				TARGETED_DEVICE_FAMILY = "1,2";
			};
			name = Debug;
		};
		4C33A594223F4E850001C1A7 /* Release */ = {
			isa = XCBuildConfiguration;
			baseConfigurationReference = F8370F74399CA6938D5BD3D2 /* Pods-MinCloud.release.xcconfig */;
			buildSettings = {
				CLANG_ENABLE_MODULES = YES;
				CODE_SIGN_IDENTITY = "";
				CODE_SIGN_STYLE = Automatic;
				DEFINES_MODULE = YES;
				DEVELOPMENT_TEAM = 3QQR699W45;
				DYLIB_COMPATIBILITY_VERSION = 1;
				DYLIB_CURRENT_VERSION = 15;
				DYLIB_INSTALL_NAME_BASE = "@rpath";
				INFOPLIST_FILE = MinCloud/Info.plist;
				INSTALL_PATH = "$(LOCAL_LIBRARY_DIR)/Frameworks";
				IPHONEOS_DEPLOYMENT_TARGET = 9.0;
				LD_RUNPATH_SEARCH_PATHS = (
					"$(inherited)",
					"@executable_path/Frameworks",
					"@loader_path/Frameworks",
				);
				OTHER_SWIFT_FLAGS = "$(inherited) \"-D\" \"COCOAPODS\"";
				PRODUCT_BUNDLE_IDENTIFIER = com.ifanr.MinCloud;
				PRODUCT_NAME = "$(TARGET_NAME:c99extidentifier)";
				SKIP_INSTALL = YES;
				SWIFT_OBJC_BRIDGING_HEADER = "$(PROJECT_DIR)/MinCloud/MinCloud-Bridging-Header.h";
				SWIFT_VERSION = 5.0;
				TARGETED_DEVICE_FAMILY = "1,2";
			};
			name = Release;
		};
		4C33A596223F4E850001C1A7 /* Debug */ = {
			isa = XCBuildConfiguration;
			baseConfigurationReference = 1965E55879945EEA140178F7 /* Pods-MinCloudTests.debug.xcconfig */;
			buildSettings = {
				ALWAYS_EMBED_SWIFT_STANDARD_LIBRARIES = "$(inherited)";
				CODE_SIGN_STYLE = Automatic;
				DEVELOPMENT_TEAM = 3QQR699W45;
				INFOPLIST_FILE = MinCloudTests/Info.plist;
				LD_RUNPATH_SEARCH_PATHS = (
					"$(inherited)",
					"@executable_path/Frameworks",
					"@loader_path/Frameworks",
				);
				PRODUCT_BUNDLE_IDENTIFIER = com.ifanr.ifanr.MinCloudTests;
				PRODUCT_NAME = "$(TARGET_NAME)";
				SWIFT_VERSION = 4.2;
				TARGETED_DEVICE_FAMILY = "1,2";
			};
			name = Debug;
		};
		4C33A597223F4E850001C1A7 /* Release */ = {
			isa = XCBuildConfiguration;
			baseConfigurationReference = 6A02ABC8EDA69977016F7175 /* Pods-MinCloudTests.release.xcconfig */;
			buildSettings = {
				ALWAYS_EMBED_SWIFT_STANDARD_LIBRARIES = "$(inherited)";
				CODE_SIGN_STYLE = Automatic;
				DEVELOPMENT_TEAM = 3QQR699W45;
				INFOPLIST_FILE = MinCloudTests/Info.plist;
				LD_RUNPATH_SEARCH_PATHS = (
					"$(inherited)",
					"@executable_path/Frameworks",
					"@loader_path/Frameworks",
				);
				PRODUCT_BUNDLE_IDENTIFIER = com.ifanr.ifanr.MinCloudTests;
				PRODUCT_NAME = "$(TARGET_NAME)";
				SWIFT_VERSION = 4.2;
				TARGETED_DEVICE_FAMILY = "1,2";
			};
			name = Release;
		};
		4CCB87672266CF9D00D65A65 /* Debug */ = {
			isa = XCBuildConfiguration;
			baseConfigurationReference = DD4C3DC340F9068D9A4624DE /* Pods-Demo_Swift.debug.xcconfig */;
			buildSettings = {
				ASSETCATALOG_COMPILER_APPICON_NAME = AppIcon;
				CODE_SIGN_STYLE = Automatic;
				DEVELOPMENT_TEAM = 3QQR699W45;
				INFOPLIST_FILE = Demo_Swift/Info.plist;
				IPHONEOS_DEPLOYMENT_TARGET = 9.0;
				LD_RUNPATH_SEARCH_PATHS = (
					"$(inherited)",
					"@executable_path/Frameworks",
				);
				PRODUCT_BUNDLE_IDENTIFIER = "com.ifanr.ifanr.Demo-Swift";
				PRODUCT_NAME = "$(TARGET_NAME)";
				SWIFT_VERSION = 5.0;
				TARGETED_DEVICE_FAMILY = "1,2";
			};
			name = Debug;
		};
		4CCB87682266CF9D00D65A65 /* Release */ = {
			isa = XCBuildConfiguration;
			baseConfigurationReference = BA557BB13AC653342E830773 /* Pods-Demo_Swift.release.xcconfig */;
			buildSettings = {
				ASSETCATALOG_COMPILER_APPICON_NAME = AppIcon;
				CODE_SIGN_STYLE = Automatic;
				DEVELOPMENT_TEAM = 3QQR699W45;
				INFOPLIST_FILE = Demo_Swift/Info.plist;
				IPHONEOS_DEPLOYMENT_TARGET = 9.0;
				LD_RUNPATH_SEARCH_PATHS = (
					"$(inherited)",
					"@executable_path/Frameworks",
				);
				PRODUCT_BUNDLE_IDENTIFIER = "com.ifanr.ifanr.Demo-Swift";
				PRODUCT_NAME = "$(TARGET_NAME)";
				SWIFT_VERSION = 5.0;
				TARGETED_DEVICE_FAMILY = "1,2";
			};
			name = Release;
		};
		4CCB87822266CFAB00D65A65 /* Debug */ = {
			isa = XCBuildConfiguration;
			baseConfigurationReference = E307ED5482940DF57D58CD16 /* Pods-Demo_OC.debug.xcconfig */;
			buildSettings = {
				ASSETCATALOG_COMPILER_APPICON_NAME = AppIcon;
				CLANG_ALLOW_NON_MODULAR_INCLUDES_IN_FRAMEWORK_MODULES = YES;
				CODE_SIGN_STYLE = Automatic;
				DEVELOPMENT_TEAM = 3QQR699W45;
				INFOPLIST_FILE = Demo_OC/Info.plist;
				IPHONEOS_DEPLOYMENT_TARGET = 9.0;
				LD_RUNPATH_SEARCH_PATHS = (
					"$(inherited)",
					"@executable_path/Frameworks",
				);
				PRODUCT_BUNDLE_IDENTIFIER = "com.ifanr.ifanr.Demo-OC";
				PRODUCT_NAME = "$(TARGET_NAME)";
				TARGETED_DEVICE_FAMILY = "1,2";
			};
			name = Debug;
		};
		4CCB87832266CFAB00D65A65 /* Release */ = {
			isa = XCBuildConfiguration;
			baseConfigurationReference = A66158A59ACAFA9E2774F238 /* Pods-Demo_OC.release.xcconfig */;
			buildSettings = {
				ASSETCATALOG_COMPILER_APPICON_NAME = AppIcon;
				CLANG_ALLOW_NON_MODULAR_INCLUDES_IN_FRAMEWORK_MODULES = YES;
				CODE_SIGN_STYLE = Automatic;
				DEVELOPMENT_TEAM = 3QQR699W45;
				INFOPLIST_FILE = Demo_OC/Info.plist;
				IPHONEOS_DEPLOYMENT_TARGET = 9.0;
				LD_RUNPATH_SEARCH_PATHS = (
					"$(inherited)",
					"@executable_path/Frameworks",
				);
				PRODUCT_BUNDLE_IDENTIFIER = "com.ifanr.ifanr.Demo-OC";
				PRODUCT_NAME = "$(TARGET_NAME)";
				TARGETED_DEVICE_FAMILY = "1,2";
			};
			name = Release;
		};
/* End XCBuildConfiguration section */

/* Begin XCConfigurationList section */
		4C33A578223F4E850001C1A7 /* Build configuration list for PBXProject "MinCloud" */ = {
			isa = XCConfigurationList;
			buildConfigurations = (
				4C33A590223F4E850001C1A7 /* Debug */,
				4C33A591223F4E850001C1A7 /* Release */,
			);
			defaultConfigurationIsVisible = 0;
			defaultConfigurationName = Release;
		};
		4C33A592223F4E850001C1A7 /* Build configuration list for PBXNativeTarget "MinCloud" */ = {
			isa = XCConfigurationList;
			buildConfigurations = (
				4C33A593223F4E850001C1A7 /* Debug */,
				4C33A594223F4E850001C1A7 /* Release */,
			);
			defaultConfigurationIsVisible = 0;
			defaultConfigurationName = Release;
		};
		4C33A595223F4E850001C1A7 /* Build configuration list for PBXNativeTarget "MinCloudTests" */ = {
			isa = XCConfigurationList;
			buildConfigurations = (
				4C33A596223F4E850001C1A7 /* Debug */,
				4C33A597223F4E850001C1A7 /* Release */,
			);
			defaultConfigurationIsVisible = 0;
			defaultConfigurationName = Release;
		};
		4CCB87692266CF9D00D65A65 /* Build configuration list for PBXNativeTarget "Demo_Swift" */ = {
			isa = XCConfigurationList;
			buildConfigurations = (
				4CCB87672266CF9D00D65A65 /* Debug */,
				4CCB87682266CF9D00D65A65 /* Release */,
			);
			defaultConfigurationIsVisible = 0;
			defaultConfigurationName = Release;
		};
		4CCB87812266CFAB00D65A65 /* Build configuration list for PBXNativeTarget "Demo_OC" */ = {
			isa = XCConfigurationList;
			buildConfigurations = (
				4CCB87822266CFAB00D65A65 /* Debug */,
				4CCB87832266CFAB00D65A65 /* Release */,
			);
			defaultConfigurationIsVisible = 0;
			defaultConfigurationName = Release;
		};
/* End XCConfigurationList section */
	};
	rootObject = 4C33A575223F4E850001C1A7 /* Project object */;
}
